Microsoft Visual Studio Solution File, Format Version 12.00
# Visual Studio Version 17
VisualStudioVersion = 17.5.2.0
MinimumVisualStudioVersion = 10.0.40219.1
Project("{FAE04EC0-301F-11D3-BF4B-00C04F79EFBC}") = "UserManagementSystem", "UserManagementSystem.csproj", "{2E8269D7-2058-43C7-5BCF-DC5FE3531CDC}"
EndProject
Global
	GlobalSection(SolutionConfigurationPlatforms) = preSolution
		Debug|Any CPU = Debug|Any CPU
		Release|Any CPU = Release|Any CPU
	EndGlobalSection
	GlobalSection(ProjectConfigurationPlatforms) = postSolution
		{2E8269D7-2058-43C7-5BCF-DC5FE3531CDC}.Debug|Any CPU.ActiveCfg = Debug|Any CPU
		{2E8269D7-2058-43C7-5BCF-DC5FE3531CDC}.Debug|Any CPU.Build.0 = Debug|Any CPU
		{2E8269D7-2058-43C7-5BCF-DC5FE3531CDC}.Release|Any CPU.ActiveCfg = Release|Any CPU
		{2E8269D7-2058-43C7-5BCF-DC5FE3531CDC}.Release|Any CPU.Build.0 = Release|Any CPU
	EndGlobalSection
	GlobalSection(SolutionProperties) = preSolution
		HideSolutionNode = FALSE
	EndGlobalSection
	GlobalSection(ExtensibilityGlobals) = postSolution
		SolutionGuid = {2C6A22F9-E38B-4B0F-BF98-8045ACD8A2C1}
	EndGlobalSection
EndGlobal
